
Microsoft Visual Studio Solution File, Format Version 12.00
# Visual Studio Version 17
VisualStudioVersion = 17.2.32505.173
MinimumVisualStudioVersion = 10.0.40219.1
Project("{FAE04EC0-301F-11D3-BF4B-00C04F79EFBC}") = "GenpactTestDeveloper", "GenpactTestDeveloper.csproj", "{1B5AB11E-4B82-47FC-82E1-19A187BF12D2}"
EndProject
Global
	GlobalSection(SolutionConfigurationPlatforms) = preSolution
		Debug|Any CPU = Debug|Any CPU
		Release|Any CPU = Release|Any CPU
	EndGlobalSection
	GlobalSection(ProjectConfigurationPlatforms) = postSolution
		{1B5AB11E-4B82-47FC-82E1-19A187BF12D2}.Debug|Any CPU.ActiveCfg = Debug|Any CPU
		{1B5AB11E-4B82-47FC-82E1-19A187BF12D2}.Debug|Any CPU.Build.0 = Debug|Any CPU
		{1B5AB11E-4B82-47FC-82E1-19A187BF12D2}.Release|Any CPU.ActiveCfg = Release|Any CPU
		{1B5AB11E-4B82-47FC-82E1-19A187BF12D2}.Release|Any CPU.Build.0 = Release|Any CPU
	EndGlobalSection
	GlobalSection(SolutionProperties) = preSolution
		HideSolutionNode = FALSE
	EndGlobalSection
	GlobalSection(ExtensibilityGlobals) = postSolution
		SolutionGuid = {3F3F6F9F-FF0B-41F9-871B-DA5DD873B254}
	EndGlobalSection
EndGlobal
